
Microsoft Visual Studio Solution File, Format Version 12.00
# Visual Studio Version 17
VisualStudioVersion = 17.12.35209.166
MinimumVisualStudioVersion = 10.0.40219.1
Project("{2150E333-8FDC-42A3-9474-1A3956D46DE8}") = "Dispatcher", "Dispatcher", "{F6C392DF-0944-4886-9B0F-5F0D79012038}"
EndProject
Project("{FAE04EC0-301F-11D3-BF4B-00C04F79EFBC}") = "rr.Process.Dispatcher", "rr.Process.Dispatcher\rr.Process.Dispatcher.csproj", "{2BCCF4FD-F61D-413D-AF8F-6E70966CCF54}"
EndProject
Global
	GlobalSection(SolutionConfigurationPlatforms) = preSolution
		Debug|Any CPU = Debug|Any CPU
		Release|Any CPU = Release|Any CPU
	EndGlobalSection
	GlobalSection(ProjectConfigurationPlatforms) = postSolution
		{2BCCF4FD-F61D-413D-AF8F-6E70966CCF54}.Debug|Any CPU.ActiveCfg = Debug|Any CPU
		{2BCCF4FD-F61D-413D-AF8F-6E70966CCF54}.Debug|Any CPU.Build.0 = Debug|Any CPU
		{2BCCF4FD-F61D-413D-AF8F-6E70966CCF54}.Release|Any CPU.ActiveCfg = Release|Any CPU
		{2BCCF4FD-F61D-413D-AF8F-6E70966CCF54}.Release|Any CPU.Build.0 = Release|Any CPU
	EndGlobalSection
	GlobalSection(SolutionProperties) = preSolution
		HideSolutionNode = FALSE
	EndGlobalSection
	GlobalSection(NestedProjects) = preSolution
		{2BCCF4FD-F61D-413D-AF8F-6E70966CCF54} = {F6C392DF-0944-4886-9B0F-5F0D79012038}
	EndGlobalSection
	GlobalSection(ExtensibilityGlobals) = postSolution
		SolutionGuid = {206CF8E8-D868-448B-9223-EF7CF5234C4C}
	EndGlobalSection
EndGlobal
