
Microsoft Visual Studio Solution File, Format Version 12.00
# Visual Studio Version 17
VisualStudioVersion = 17.12.35209.166
MinimumVisualStudioVersion = 10.0.40219.1
Project("{FAE04EC0-301F-11D3-BF4B-00C04F79EFBC}") = "rr.Shell.Creation", "rr.Shell.Creation\rr.Shell.Creation.csproj", "{092E1F0E-26BC-404A-87D3-AF03CAE589CA}"
EndProject
Global
	GlobalSection(SolutionConfigurationPlatforms) = preSolution
		Debug|Any CPU = Debug|Any CPU
		Release|Any CPU = Release|Any CPU
	EndGlobalSection
	GlobalSection(ProjectConfigurationPlatforms) = postSolution
		{092E1F0E-26BC-404A-87D3-AF03CAE589CA}.Debug|Any CPU.ActiveCfg = Debug|Any CPU
		{092E1F0E-26BC-404A-87D3-AF03CAE589CA}.Debug|Any CPU.Build.0 = Debug|Any CPU
		{092E1F0E-26BC-404A-87D3-AF03CAE589CA}.Release|Any CPU.ActiveCfg = Release|Any CPU
		{092E1F0E-26BC-404A-87D3-AF03CAE589CA}.Release|Any CPU.Build.0 = Release|Any CPU
	EndGlobalSection
	GlobalSection(SolutionProperties) = preSolution
		HideSolutionNode = FALSE
	EndGlobalSection
	GlobalSection(ExtensibilityGlobals) = postSolution
		SolutionGuid = {73A60F89-E7E8-44F2-8B0C-E9C2E072556B}
	EndGlobalSection
EndGlobal
