
Microsoft Visual Studio Solution File, Format Version 12.00
# Visual Studio Version 17
VisualStudioVersion = 17.12.35209.166
MinimumVisualStudioVersion = 10.0.40219.1
Project("{2150E333-8FDC-42A3-9474-1A3956D46DE8}") = "Model", "Model", "{3DA99F97-4D71-4056-927E-5F6E0C0FFE22}"
EndProject
Project("{FAE04EC0-301F-11D3-BF4B-00C04F79EFBC}") = "rr.Handler.Model", "rr.Handler.Model\rr.Handler.Model.csproj", "{E80E4A23-0A2D-459A-904B-84BF35C90E55}"
EndProject
Global
	GlobalSection(SolutionConfigurationPlatforms) = preSolution
		Debug|Any CPU = Debug|Any CPU
		Release|Any CPU = Release|Any CPU
	EndGlobalSection
	GlobalSection(ProjectConfigurationPlatforms) = postSolution
		{E80E4A23-0A2D-459A-904B-84BF35C90E55}.Debug|Any CPU.ActiveCfg = Debug|Any CPU
		{E80E4A23-0A2D-459A-904B-84BF35C90E55}.Debug|Any CPU.Build.0 = Debug|Any CPU
		{E80E4A23-0A2D-459A-904B-84BF35C90E55}.Release|Any CPU.ActiveCfg = Release|Any CPU
		{E80E4A23-0A2D-459A-904B-84BF35C90E55}.Release|Any CPU.Build.0 = Release|Any CPU
	EndGlobalSection
	GlobalSection(SolutionProperties) = preSolution
		HideSolutionNode = FALSE
	EndGlobalSection
	GlobalSection(NestedProjects) = preSolution
		{E80E4A23-0A2D-459A-904B-84BF35C90E55} = {3DA99F97-4D71-4056-927E-5F6E0C0FFE22}
	EndGlobalSection
	GlobalSection(ExtensibilityGlobals) = postSolution
		SolutionGuid = {B7F3FB06-19AB-4F6C-8367-C848EE16F7F7}
	EndGlobalSection
EndGlobal
