
Microsoft Visual Studio Solution File, Format Version 12.00
# Visual Studio Version 17
VisualStudioVersion = 17.12.35209.166
MinimumVisualStudioVersion = 10.0.40219.1
Project("{2150E333-8FDC-42A3-9474-1A3956D46DE8}") = "Services", "Services", "{613A7A6F-6844-4F93-8E03-57F59B182AA1}"
EndProject
Project("{FAE04EC0-301F-11D3-BF4B-00C04F79EFBC}") = "rr.Provider.Services", "rr.Provider.Services\rr.Provider.Services.csproj", "{59318C60-E01F-493D-B984-9E3B57B24E09}"
EndProject
Global
	GlobalSection(SolutionConfigurationPlatforms) = preSolution
		Debug|Any CPU = Debug|Any CPU
		Release|Any CPU = Release|Any CPU
	EndGlobalSection
	GlobalSection(ProjectConfigurationPlatforms) = postSolution
		{59318C60-E01F-493D-B984-9E3B57B24E09}.Debug|Any CPU.ActiveCfg = Debug|Any CPU
		{59318C60-E01F-493D-B984-9E3B57B24E09}.Debug|Any CPU.Build.0 = Debug|Any CPU
		{59318C60-E01F-493D-B984-9E3B57B24E09}.Release|Any CPU.ActiveCfg = Release|Any CPU
		{59318C60-E01F-493D-B984-9E3B57B24E09}.Release|Any CPU.Build.0 = Release|Any CPU
	EndGlobalSection
	GlobalSection(SolutionProperties) = preSolution
		HideSolutionNode = FALSE
	EndGlobalSection
	GlobalSection(NestedProjects) = preSolution
		{59318C60-E01F-493D-B984-9E3B57B24E09} = {613A7A6F-6844-4F93-8E03-57F59B182AA1}
	EndGlobalSection
	GlobalSection(ExtensibilityGlobals) = postSolution
		SolutionGuid = {7CB2B0EB-1FAC-4A01-9C20-B4B4A4550621}
	EndGlobalSection
EndGlobal
